// !$*UTF8*$!
{
	archiveVersion = 1;
	classes = {
	};
	objectVersion = 48;
	objects = {

/* Begin PBXBuildFile section */
		5302150AF3C2B2E7F5ACEB24 /* libPods-TweetsTest.a in Frameworks */ = {isa = PBXBuildFile; fileRef = 85B079CB769AE1FC8307E865 /* libPods-TweetsTest.a */; };
		5AB719B856C6D0531C15F5DF /* libPods-TweetsTestTests.a in Frameworks */ = {isa = PBXBuildFile; fileRef = F2A1A4159D4395C5C74BFDFD /* libPods-TweetsTestTests.a */; };
		632B336A1E4E3FC700A168AF /* Assets.xcassets in Resources */ = {isa = PBXBuildFile; fileRef = 632B33691E4E3FC700A168AF /* Assets.xcassets */; };
		632B336B1E4E404700A168AF /* Info.plist in Resources */ = {isa = PBXBuildFile; fileRef = 63C4F2A21E4DF294000C721C /* Info.plist */; };
		632B336D1E4E407C00A168AF /* TTAAppDelegate.m in Sources */ = {isa = PBXBuildFile; fileRef = 63C4F2951E4DF294000C721C /* TTAAppDelegate.m */; };
		63C4F2931E4DF294000C721C /* main.m in Sources */ = {isa = PBXBuildFile; fileRef = 63C4F2921E4DF294000C721C /* main.m */; };
		63C4F29C1E4DF294000C721C /* Main.storyboard in Resources */ = {isa = PBXBuildFile; fileRef = 63C4F29A1E4DF294000C721C /* Main.storyboard */; };
		63C4F2A11E4DF294000C721C /* LaunchScreen.storyboard in Resources */ = {isa = PBXBuildFile; fileRef = 63C4F29F1E4DF294000C721C /* LaunchScreen.storyboard */; };
		63C4F2AC1E4DF294000C721C /* TweetsTestTests.m in Sources */ = {isa = PBXBuildFile; fileRef = 63C4F2AB1E4DF294000C721C /* TweetsTestTests.m */; };
/* End PBXBuildFile section */

/* Begin PBXContainerItemProxy section */
		63C4F2A81E4DF294000C721C /* PBXContainerItemProxy */ = {
			isa = PBXContainerItemProxy;
			containerPortal = 63C4F2861E4DF294000C721C /* Project object */;
			proxyType = 1;
			remoteGlobalIDString = 63C4F28D1E4DF294000C721C;
			remoteInfo = TweetsTest;
		};
/* End PBXContainerItemProxy section */

/* Begin PBXFileReference section */
		632B33691E4E3FC700A168AF /* Assets.xcassets */ = {isa = PBXFileReference; lastKnownFileType = folder.assetcatalog; path = Assets.xcassets; sourceTree = "<group>"; };
		63C4F28E1E4DF294000C721C /* TweetsTest.app */ = {isa = PBXFileReference; explicitFileType = wrapper.application; includeInIndex = 0; path = TweetsTest.app; sourceTree = BUILT_PRODUCTS_DIR; };
		63C4F2921E4DF294000C721C /* main.m */ = {isa = PBXFileReference; lastKnownFileType = sourcecode.c.objc; path = main.m; sourceTree = "<group>"; };
		63C4F2941E4DF294000C721C /* TTAAppDelegate.h */ = {isa = PBXFileReference; lastKnownFileType = sourcecode.c.h; path = TTAAppDelegate.h; sourceTree = "<group>"; };
		63C4F2951E4DF294000C721C /* TTAAppDelegate.m */ = {isa = PBXFileReference; lastKnownFileType = sourcecode.c.objc; path = TTAAppDelegate.m; sourceTree = "<group>"; };
		63C4F29B1E4DF294000C721C /* Base */ = {isa = PBXFileReference; lastKnownFileType = file.storyboard; name = Base; path = Base.lproj/Main.storyboard; sourceTree = "<group>"; };
		63C4F2A01E4DF294000C721C /* Base */ = {isa = PBXFileReference; lastKnownFileType = file.storyboard; name = Base; path = Base.lproj/LaunchScreen.storyboard; sourceTree = "<group>"; };
		63C4F2A21E4DF294000C721C /* Info.plist */ = {isa = PBXFileReference; lastKnownFileType = text.plist.xml; path = Info.plist; sourceTree = "<group>"; };
		63C4F2A71E4DF294000C721C /* TweetsTestTests.xctest */ = {isa = PBXFileReference; explicitFileType = wrapper.cfbundle; includeInIndex = 0; path = TweetsTestTests.xctest; sourceTree = BUILT_PRODUCTS_DIR; };
		63C4F2AB1E4DF294000C721C /* TweetsTestTests.m */ = {isa = PBXFileReference; lastKnownFileType = sourcecode.c.objc; path = TweetsTestTests.m; sourceTree = "<group>"; };
		63C4F2AD1E4DF294000C721C /* Info.plist */ = {isa = PBXFileReference; lastKnownFileType = text.plist.xml; path = Info.plist; sourceTree = "<group>"; };
		7E2EADE703E4FA5B41361A2A /* Pods-TweetsTest.release.xcconfig */ = {isa = PBXFileReference; includeInIndex = 1; lastKnownFileType = text.xcconfig; name = "Pods-TweetsTest.release.xcconfig"; path = "Pods/Target Support Files/Pods-TweetsTest/Pods-TweetsTest.release.xcconfig"; sourceTree = "<group>"; };
		7F51196830FB97DB0D5F3A71 /* Pods-TweetsTestTests.release.xcconfig */ = {isa = PBXFileReference; includeInIndex = 1; lastKnownFileType = text.xcconfig; name = "Pods-TweetsTestTests.release.xcconfig"; path = "Pods/Target Support Files/Pods-TweetsTestTests/Pods-TweetsTestTests.release.xcconfig"; sourceTree = "<group>"; };
		85B079CB769AE1FC8307E865 /* libPods-TweetsTest.a */ = {isa = PBXFileReference; explicitFileType = archive.ar; includeInIndex = 0; path = "libPods-TweetsTest.a"; sourceTree = BUILT_PRODUCTS_DIR; };
		9FCA7709B1311504965965BF /* Pods-TweetsTestTests.debug.xcconfig */ = {isa = PBXFileReference; includeInIndex = 1; lastKnownFileType = text.xcconfig; name = "Pods-TweetsTestTests.debug.xcconfig"; path = "Pods/Target Support Files/Pods-TweetsTestTests/Pods-TweetsTestTests.debug.xcconfig"; sourceTree = "<group>"; };
		D2492B5806A58A1AD17EF04E /* Pods-TweetsTest.debug.xcconfig */ = {isa = PBXFileReference; includeInIndex = 1; lastKnownFileType = text.xcconfig; name = "Pods-TweetsTest.debug.xcconfig"; path = "Pods/Target Support Files/Pods-TweetsTest/Pods-TweetsTest.debug.xcconfig"; sourceTree = "<group>"; };
		F2A1A4159D4395C5C74BFDFD /* libPods-TweetsTestTests.a */ = {isa = PBXFileReference; explicitFileType = archive.ar; includeInIndex = 0; path = "libPods-TweetsTestTests.a"; sourceTree = BUILT_PRODUCTS_DIR; };
/* End PBXFileReference section */

/* Begin PBXFrameworksBuildPhase section */
		63C4F28B1E4DF294000C721C /* Frameworks */ = {
			isa = PBXFrameworksBuildPhase;
			buildActionMask = 2147483647;
			files = (
				5302150AF3C2B2E7F5ACEB24 /* libPods-TweetsTest.a in Frameworks */,
			);
			runOnlyForDeploymentPostprocessing = 0;
		};
		63C4F2A41E4DF294000C721C /* Frameworks */ = {
			isa = PBXFrameworksBuildPhase;
			buildActionMask = 2147483647;
			files = (
				5AB719B856C6D0531C15F5DF /* libPods-TweetsTestTests.a in Frameworks */,
			);
			runOnlyForDeploymentPostprocessing = 0;
		};
/* End PBXFrameworksBuildPhase section */

/* Begin PBXGroup section */
		63008C831E4E3A2800F73765 /* Resources */ = {
			isa = PBXGroup;
			children = (
				632B33691E4E3FC700A168AF /* Assets.xcassets */,
			);
			path = Resources;
			sourceTree = "<group>";
		};
		63008C841E4E3A8500F73765 /* Base.lproj */ = {
			isa = PBXGroup;
			children = (
				63C4F29F1E4DF294000C721C /* LaunchScreen.storyboard */,
				63C4F29A1E4DF294000C721C /* Main.storyboard */,
			);
			path = Base.lproj;
			sourceTree = "<group>";
		};
		63008C851E4E3AA200F73765 /* Classes */ = {
			isa = PBXGroup;
			children = (
				63008C871E4E3AC700F73765 /* ApplicationLayer */,
				63008C861E4E3AC100F73765 /* CoreLayer */,
				63008C891E4E3B2E00F73765 /* BussinessLogicLayer */,
				63008C8A1E4E3B4D00F73765 /* PresentationLayer */,
			);
			path = Classes;
			sourceTree = "<group>";
		};
		63008C861E4E3AC100F73765 /* CoreLayer */ = {
			isa = PBXGroup;
			children = (
			);
			path = CoreLayer;
			sourceTree = "<group>";
		};
		63008C871E4E3AC700F73765 /* ApplicationLayer */ = {
			isa = PBXGroup;
			children = (
				63008C881E4E3AD700F73765 /* AppDelegate */,
			);
			path = ApplicationLayer;
			sourceTree = "<group>";
		};
		63008C881E4E3AD700F73765 /* AppDelegate */ = {
			isa = PBXGroup;
			children = (
				63C4F2941E4DF294000C721C /* TTAAppDelegate.h */,
				63C4F2951E4DF294000C721C /* TTAAppDelegate.m */,
			);
			path = AppDelegate;
			sourceTree = "<group>";
		};
		63008C891E4E3B2E00F73765 /* BussinessLogicLayer */ = {
			isa = PBXGroup;
			children = (
			);
			path = BussinessLogicLayer;
			sourceTree = "<group>";
		};
		63008C8A1E4E3B4D00F73765 /* PresentationLayer */ = {
			isa = PBXGroup;
			children = (
			);
			path = PresentationLayer;
			sourceTree = "<group>";
		};
		63C4F2851E4DF294000C721C = {
			isa = PBXGroup;
			children = (
				63C4F2901E4DF294000C721C /* TweetsTest */,
				63C4F2AA1E4DF294000C721C /* TweetsTestTests */,
				63C4F28F1E4DF294000C721C /* Products */,
				D00D571F169A9189A7972B16 /* Pods */,
				CAA018FE55D5DF0314789B8A /* Frameworks */,
			);
			sourceTree = "<group>";
		};
		63C4F28F1E4DF294000C721C /* Products */ = {
			isa = PBXGroup;
			children = (
				63C4F28E1E4DF294000C721C /* TweetsTest.app */,
				63C4F2A71E4DF294000C721C /* TweetsTestTests.xctest */,
			);
			name = Products;
			sourceTree = "<group>";
		};
		63C4F2901E4DF294000C721C /* TweetsTest */ = {
			isa = PBXGroup;
			children = (
				63008C851E4E3AA200F73765 /* Classes */,
				63008C841E4E3A8500F73765 /* Base.lproj */,
				63008C831E4E3A2800F73765 /* Resources */,
				63C4F2911E4DF294000C721C /* Supporting Files */,
			);
			path = TweetsTest;
			sourceTree = "<group>";
		};
		63C4F2911E4DF294000C721C /* Supporting Files */ = {
			isa = PBXGroup;
			children = (
				63C4F2A21E4DF294000C721C /* Info.plist */,
				63C4F2921E4DF294000C721C /* main.m */,
			);
			path = "Supporting Files";
			sourceTree = "<group>";
		};
		63C4F2AA1E4DF294000C721C /* TweetsTestTests */ = {
			isa = PBXGroup;
			children = (
				63C4F2AB1E4DF294000C721C /* TweetsTestTests.m */,
				63C4F2AD1E4DF294000C721C /* Info.plist */,
			);
			path = TweetsTestTests;
			sourceTree = "<group>";
		};
		CAA018FE55D5DF0314789B8A /* Frameworks */ = {
			isa = PBXGroup;
			children = (
				85B079CB769AE1FC8307E865 /* libPods-TweetsTest.a */,
				F2A1A4159D4395C5C74BFDFD /* libPods-TweetsTestTests.a */,
			);
			name = Frameworks;
			sourceTree = "<group>";
		};
		D00D571F169A9189A7972B16 /* Pods */ = {
			isa = PBXGroup;
			children = (
				D2492B5806A58A1AD17EF04E /* Pods-TweetsTest.debug.xcconfig */,
				7E2EADE703E4FA5B41361A2A /* Pods-TweetsTest.release.xcconfig */,
				9FCA7709B1311504965965BF /* Pods-TweetsTestTests.debug.xcconfig */,
				7F51196830FB97DB0D5F3A71 /* Pods-TweetsTestTests.release.xcconfig */,
			);
			name = Pods;
			sourceTree = "<group>";
		};
/* End PBXGroup section */

/* Begin PBXNativeTarget section */
		63C4F28D1E4DF294000C721C /* TweetsTest */ = {
			isa = PBXNativeTarget;
			buildConfigurationList = 63C4F2B01E4DF294000C721C /* Build configuration list for PBXNativeTarget "TweetsTest" */;
			buildPhases = (
				1CD07A7CBFA151FB6459AE99 /* [CP] Check Pods Manifest.lock */,
				63C4F28A1E4DF294000C721C /* Sources */,
				63C4F28B1E4DF294000C721C /* Frameworks */,
				63C4F28C1E4DF294000C721C /* Resources */,
				209C6910BAB206011C6244CC /* [CP] Embed Pods Frameworks */,
				79AC360987F288DCBB2308E9 /* [CP] Copy Pods Resources */,
			);
			buildRules = (
			);
			dependencies = (
			);
			name = TweetsTest;
			productName = TweetsTest;
			productReference = 63C4F28E1E4DF294000C721C /* TweetsTest.app */;
			productType = "com.apple.product-type.application";
		};
		63C4F2A61E4DF294000C721C /* TweetsTestTests */ = {
			isa = PBXNativeTarget;
			buildConfigurationList = 63C4F2B31E4DF294000C721C /* Build configuration list for PBXNativeTarget "TweetsTestTests" */;
			buildPhases = (
				0089FD53A722634E7426DD76 /* [CP] Check Pods Manifest.lock */,
				63C4F2A31E4DF294000C721C /* Sources */,
				63C4F2A41E4DF294000C721C /* Frameworks */,
				63C4F2A51E4DF294000C721C /* Resources */,
				67388458147C4E98FB515C88 /* [CP] Embed Pods Frameworks */,
				D0EB12513D8AFB0978BE4B29 /* [CP] Copy Pods Resources */,
			);
			buildRules = (
			);
			dependencies = (
				63C4F2A91E4DF294000C721C /* PBXTargetDependency */,
			);
			name = TweetsTestTests;
			productName = TweetsTestTests;
			productReference = 63C4F2A71E4DF294000C721C /* TweetsTestTests.xctest */;
			productType = "com.apple.product-type.bundle.unit-test";
		};
/* End PBXNativeTarget section */

/* Begin PBXProject section */
		63C4F2861E4DF294000C721C /* Project object */ = {
			isa = PBXProject;
			attributes = {
				CLASSPREFIX = TTA;
				LastUpgradeCheck = 0820;
				ORGANIZATIONNAME = a.protko;
				TargetAttributes = {
					63C4F28D1E4DF294000C721C = {
						CreatedOnToolsVersion = 8.2;
						ProvisioningStyle = Automatic;
					};
					63C4F2A61E4DF294000C721C = {
						CreatedOnToolsVersion = 8.2;
						ProvisioningStyle = Automatic;
						TestTargetID = 63C4F28D1E4DF294000C721C;
					};
				};
			};
			buildConfigurationList = 63C4F2891E4DF294000C721C /* Build configuration list for PBXProject "TweetsTest" */;
			compatibilityVersion = "Xcode 8.0";
			developmentRegion = English;
			hasScannedForEncodings = 0;
			knownRegions = (
				en,
				Base,
			);
			mainGroup = 63C4F2851E4DF294000C721C;
			productRefGroup = 63C4F28F1E4DF294000C721C /* Products */;
			projectDirPath = "";
			projectRoot = "";
			targets = (
				63C4F28D1E4DF294000C721C /* TweetsTest */,
				63C4F2A61E4DF294000C721C /* TweetsTestTests */,
			);
		};
/* End PBXProject section */

/* Begin PBXResourcesBuildPhase section */
		63C4F28C1E4DF294000C721C /* Resources */ = {
			isa = PBXResourcesBuildPhase;
			buildActionMask = 2147483647;
			files = (
				632B336B1E4E404700A168AF /* Info.plist in Resources */,
				63C4F2A11E4DF294000C721C /* LaunchScreen.storyboard in Resources */,
				632B336A1E4E3FC700A168AF /* Assets.xcassets in Resources */,
				63C4F29C1E4DF294000C721C /* Main.storyboard in Resources */,
			);
			runOnlyForDeploymentPostprocessing = 0;
		};
		63C4F2A51E4DF294000C721C /* Resources */ = {
			isa = PBXResourcesBuildPhase;
			buildActionMask = 2147483647;
			files = (
			);
			runOnlyForDeploymentPostprocessing = 0;
		};
/* End PBXResourcesBuildPhase section */

/* Begin PBXShellScriptBuildPhase section */
		0089FD53A722634E7426DD76 /* [CP] Check Pods Manifest.lock */ = {
			isa = PBXShellScriptBuildPhase;
			buildActionMask = 2147483647;
			files = (
			);
			inputPaths = (
			);
			name = "[CP] Check Pods Manifest.lock";
			outputPaths = (
			);
			runOnlyForDeploymentPostprocessing = 0;
			shellPath = /bin/sh;
			shellScript = "diff \"${PODS_ROOT}/../Podfile.lock\" \"${PODS_ROOT}/Manifest.lock\" > /dev/null\nif [ $? != 0 ] ; then\n    # print error to STDERR\n    echo \"error: The sandbox is not in sync with the Podfile.lock. Run 'pod install' or update your CocoaPods installation.\" >&2\n    exit 1\nfi\n";
			showEnvVarsInLog = 0;
		};
		1CD07A7CBFA151FB6459AE99 /* [CP] Check Pods Manifest.lock */ = {
			isa = PBXShellScriptBuildPhase;
			buildActionMask = 2147483647;
			files = (
			);
			inputPaths = (
			);
			name = "[CP] Check Pods Manifest.lock";
			outputPaths = (
			);
			runOnlyForDeploymentPostprocessing = 0;
			shellPath = /bin/sh;
			shellScript = "diff \"${PODS_ROOT}/../Podfile.lock\" \"${PODS_ROOT}/Manifest.lock\" > /dev/null\nif [ $? != 0 ] ; then\n    # print error to STDERR\n    echo \"error: The sandbox is not in sync with the Podfile.lock. Run 'pod install' or update your CocoaPods installation.\" >&2\n    exit 1\nfi\n";
			showEnvVarsInLog = 0;
		};
		209C6910BAB206011C6244CC /* [CP] Embed Pods Frameworks */ = {
			isa = PBXShellScriptBuildPhase;
			buildActionMask = 2147483647;
			files = (
			);
			inputPaths = (
			);
			name = "[CP] Embed Pods Frameworks";
			outputPaths = (
			);
			runOnlyForDeploymentPostprocessing = 0;
			shellPath = /bin/sh;
			shellScript = "\"${SRCROOT}/Pods/Target Support Files/Pods-TweetsTest/Pods-TweetsTest-frameworks.sh\"\n";
			showEnvVarsInLog = 0;
		};
		67388458147C4E98FB515C88 /* [CP] Embed Pods Frameworks */ = {
			isa = PBXShellScriptBuildPhase;
			buildActionMask = 2147483647;
			files = (
			);
			inputPaths = (
			);
			name = "[CP] Embed Pods Frameworks";
			outputPaths = (
			);
			runOnlyForDeploymentPostprocessing = 0;
			shellPath = /bin/sh;
			shellScript = "\"${SRCROOT}/Pods/Target Support Files/Pods-TweetsTestTests/Pods-TweetsTestTests-frameworks.sh\"\n";
			showEnvVarsInLog = 0;
		};
		79AC360987F288DCBB2308E9 /* [CP] Copy Pods Resources */ = {
			isa = PBXShellScriptBuildPhase;
			buildActionMask = 2147483647;
			files = (
			);
			inputPaths = (
			);
			name = "[CP] Copy Pods Resources";
			outputPaths = (
			);
			runOnlyForDeploymentPostprocessing = 0;
			shellPath = /bin/sh;
			shellScript = "\"${SRCROOT}/Pods/Target Support Files/Pods-TweetsTest/Pods-TweetsTest-resources.sh\"\n";
			showEnvVarsInLog = 0;
		};
		D0EB12513D8AFB0978BE4B29 /* [CP] Copy Pods Resources */ = {
			isa = PBXShellScriptBuildPhase;
			buildActionMask = 2147483647;
			files = (
			);
			inputPaths = (
			);
			name = "[CP] Copy Pods Resources";
			outputPaths = (
			);
			runOnlyForDeploymentPostprocessing = 0;
			shellPath = /bin/sh;
			shellScript = "\"${SRCROOT}/Pods/Target Support Files/Pods-TweetsTestTests/Pods-TweetsTestTests-resources.sh\"\n";
			showEnvVarsInLog = 0;
		};
/* End PBXShellScriptBuildPhase section */

/* Begin PBXSourcesBuildPhase section */
		63C4F28A1E4DF294000C721C /* Sources */ = {
			isa = PBXSourcesBuildPhase;
			buildActionMask = 2147483647;
			files = (
				632B336D1E4E407C00A168AF /* TTAAppDelegate.m in Sources */,
				63C4F2931E4DF294000C721C /* main.m in Sources */,
			);
			runOnlyForDeploymentPostprocessing = 0;
		};
		63C4F2A31E4DF294000C721C /* Sources */ = {
			isa = PBXSourcesBuildPhase;
			buildActionMask = 2147483647;
			files = (
				63C4F2AC1E4DF294000C721C /* TweetsTestTests.m in Sources */,
			);
			runOnlyForDeploymentPostprocessing = 0;
		};
/* End PBXSourcesBuildPhase section */

/* Begin PBXTargetDependency section */
		63C4F2A91E4DF294000C721C /* PBXTargetDependency */ = {
			isa = PBXTargetDependency;
			target = 63C4F28D1E4DF294000C721C /* TweetsTest */;
			targetProxy = 63C4F2A81E4DF294000C721C /* PBXContainerItemProxy */;
		};
/* End PBXTargetDependency section */

/* Begin PBXVariantGroup section */
		63C4F29A1E4DF294000C721C /* Main.storyboard */ = {
			isa = PBXVariantGroup;
			children = (
				63C4F29B1E4DF294000C721C /* Base */,
			);
			name = Main.storyboard;
			path = ..;
			sourceTree = "<group>";
		};
		63C4F29F1E4DF294000C721C /* LaunchScreen.storyboard */ = {
			isa = PBXVariantGroup;
			children = (
				63C4F2A01E4DF294000C721C /* Base */,
			);
			name = LaunchScreen.storyboard;
			path = ..;
			sourceTree = "<group>";
		};
/* End PBXVariantGroup section */

/* Begin XCBuildConfiguration section */
		63C4F2AE1E4DF294000C721C /* Debug */ = {
			isa = XCBuildConfiguration;
			buildSettings = {
				ALWAYS_SEARCH_USER_PATHS = NO;
				CLANG_ANALYZER_NONNULL = YES;
				CLANG_CXX_LANGUAGE_STANDARD = "gnu++0x";
				CLANG_CXX_LIBRARY = "libc++";
				CLANG_ENABLE_MODULES = YES;
				CLANG_ENABLE_OBJC_ARC = YES;
				CLANG_WARN_BOOL_CONVERSION = YES;
				CLANG_WARN_CONSTANT_CONVERSION = YES;
				CLANG_WARN_DIRECT_OBJC_ISA_USAGE = YES_ERROR;
				CLANG_WARN_DOCUMENTATION_COMMENTS = YES;
				CLANG_WARN_EMPTY_BODY = YES;
				CLANG_WARN_ENUM_CONVERSION = YES;
				CLANG_WARN_INFINITE_RECURSION = YES;
				CLANG_WARN_INT_CONVERSION = YES;
				CLANG_WARN_OBJC_ROOT_CLASS = YES_ERROR;
				CLANG_WARN_SUSPICIOUS_MOVE = YES;
				CLANG_WARN_UNREACHABLE_CODE = YES;
				CLANG_WARN__DUPLICATE_METHOD_MATCH = YES;
				"CODE_SIGN_IDENTITY[sdk=iphoneos*]" = "iPhone Developer";
				COPY_PHASE_STRIP = NO;
				DEBUG_INFORMATION_FORMAT = dwarf;
				ENABLE_STRICT_OBJC_MSGSEND = YES;
				ENABLE_TESTABILITY = YES;
				GCC_C_LANGUAGE_STANDARD = gnu99;
				GCC_DYNAMIC_NO_PIC = NO;
				GCC_NO_COMMON_BLOCKS = YES;
				GCC_OPTIMIZATION_LEVEL = 0;
				GCC_PREPROCESSOR_DEFINITIONS = (
					"DEBUG=1",
					"$(inherited)",
				);
				GCC_WARN_64_TO_32_BIT_CONVERSION = YES;
				GCC_WARN_ABOUT_RETURN_TYPE = YES_ERROR;
				GCC_WARN_UNDECLARED_SELECTOR = YES;
				GCC_WARN_UNINITIALIZED_AUTOS = YES_AGGRESSIVE;
				GCC_WARN_UNUSED_FUNCTION = YES;
				GCC_WARN_UNUSED_VARIABLE = YES;
				IPHONEOS_DEPLOYMENT_TARGET = 8.0;
				MTL_ENABLE_DEBUG_INFO = YES;
				ONLY_ACTIVE_ARCH = YES;
				SDKROOT = iphoneos;
				TARGETED_DEVICE_FAMILY = "1,2";
			};
			name = Debug;
		};
		63C4F2AF1E4DF294000C721C /* Release */ = {
			isa = XCBuildConfiguration;
			buildSettings = {
				ALWAYS_SEARCH_USER_PATHS = NO;
				CLANG_ANALYZER_NONNULL = YES;
				CLANG_CXX_LANGUAGE_STANDARD = "gnu++0x";
				CLANG_CXX_LIBRARY = "libc++";
				CLANG_ENABLE_MODULES = YES;
				CLANG_ENABLE_OBJC_ARC = YES;
				CLANG_WARN_BOOL_CONVERSION = YES;
				CLANG_WARN_CONSTANT_CONVERSION = YES;
				CLANG_WARN_DIRECT_OBJC_ISA_USAGE = YES_ERROR;
				CLANG_WARN_DOCUMENTATION_COMMENTS = YES;
				CLANG_WARN_EMPTY_BODY = YES;
				CLANG_WARN_ENUM_CONVERSION = YES;
				CLANG_WARN_INFINITE_RECURSION = YES;
				CLANG_WARN_INT_CONVERSION = YES;
				CLANG_WARN_OBJC_ROOT_CLASS = YES_ERROR;
				CLANG_WARN_SUSPICIOUS_MOVE = YES;
				CLANG_WARN_UNREACHABLE_CODE = YES;
				CLANG_WARN__DUPLICATE_METHOD_MATCH = YES;
				"CODE_SIGN_IDENTITY[sdk=iphoneos*]" = "iPhone Developer";
				COPY_PHASE_STRIP = NO;
				DEBUG_INFORMATION_FORMAT = "dwarf-with-dsym";
				ENABLE_NS_ASSERTIONS = NO;
				ENABLE_STRICT_OBJC_MSGSEND = YES;
				GCC_C_LANGUAGE_STANDARD = gnu99;
				GCC_NO_COMMON_BLOCKS = YES;
				GCC_WARN_64_TO_32_BIT_CONVERSION = YES;
				GCC_WARN_ABOUT_RETURN_TYPE = YES_ERROR;
				GCC_WARN_UNDECLARED_SELECTOR = YES;
				GCC_WARN_UNINITIALIZED_AUTOS = YES_AGGRESSIVE;
				GCC_WARN_UNUSED_FUNCTION = YES;
				GCC_WARN_UNUSED_VARIABLE = YES;
				IPHONEOS_DEPLOYMENT_TARGET = 8.0;
				MTL_ENABLE_DEBUG_INFO = NO;
				SDKROOT = iphoneos;
				TARGETED_DEVICE_FAMILY = "1,2";
				VALIDATE_PRODUCT = YES;
			};
			name = Release;
		};
		63C4F2B11E4DF294000C721C /* Debug */ = {
			isa = XCBuildConfiguration;
			baseConfigurationReference = D2492B5806A58A1AD17EF04E /* Pods-TweetsTest.debug.xcconfig */;
			buildSettings = {
				ASSETCATALOG_COMPILER_APPICON_NAME = AppIcon;
				INFOPLIST_FILE = "TweetsTest/Supporting Files/Info.plist";
				LD_RUNPATH_SEARCH_PATHS = "$(inherited) @executable_path/Frameworks";
				PRODUCT_BUNDLE_IDENTIFIER = org.protko.a.TweetsTest;
				PRODUCT_NAME = "$(TARGET_NAME)";
			};
			name = Debug;
		};
		63C4F2B21E4DF294000C721C /* Release */ = {
			isa = XCBuildConfiguration;
			baseConfigurationReference = 7E2EADE703E4FA5B41361A2A /* Pods-TweetsTest.release.xcconfig */;
			buildSettings = {
				ASSETCATALOG_COMPILER_APPICON_NAME = AppIcon;
				INFOPLIST_FILE = "TweetsTest/Supporting Files/Info.plist";
				LD_RUNPATH_SEARCH_PATHS = "$(inherited) @executable_path/Frameworks";
				PRODUCT_BUNDLE_IDENTIFIER = org.protko.a.TweetsTest;
				PRODUCT_NAME = "$(TARGET_NAME)";
			};
			name = Release;
		};
		63C4F2B41E4DF294000C721C /* Debug */ = {
			isa = XCBuildConfiguration;
			baseConfigurationReference = 9FCA7709B1311504965965BF /* Pods-TweetsTestTests.debug.xcconfig */;
			buildSettings = {
				BUNDLE_LOADER = "$(TEST_HOST)";
				INFOPLIST_FILE = TweetsTestTests/Info.plist;
				LD_RUNPATH_SEARCH_PATHS = "$(inherited) @executable_path/Frameworks @loader_path/Frameworks";
				PRODUCT_BUNDLE_IDENTIFIER = org.protko.a.TweetsTestTests;
				PRODUCT_NAME = "$(TARGET_NAME)";
				TEST_HOST = "$(BUILT_PRODUCTS_DIR)/TweetsTest.app/TweetsTest";
			};
			name = Debug;
		};
		63C4F2B51E4DF294000C721C /* Release */ = {
			isa = XCBuildConfiguration;
			baseConfigurationReference = 7F51196830FB97DB0D5F3A71 /* Pods-TweetsTestTests.release.xcconfig */;
			buildSettings = {
				BUNDLE_LOADER = "$(TEST_HOST)";
				INFOPLIST_FILE = TweetsTestTests/Info.plist;
				LD_RUNPATH_SEARCH_PATHS = "$(inherited) @executable_path/Frameworks @loader_path/Frameworks";
				PRODUCT_BUNDLE_IDENTIFIER = org.protko.a.TweetsTestTests;
				PRODUCT_NAME = "$(TARGET_NAME)";
				TEST_HOST = "$(BUILT_PRODUCTS_DIR)/TweetsTest.app/TweetsTest";
			};
			name = Release;
		};
/* End XCBuildConfiguration section */

/* Begin XCConfigurationList section */
		63C4F2891E4DF294000C721C /* Build configuration list for PBXProject "TweetsTest" */ = {
			isa = XCConfigurationList;
			buildConfigurations = (
				63C4F2AE1E4DF294000C721C /* Debug */,
				63C4F2AF1E4DF294000C721C /* Release */,
			);
			defaultConfigurationIsVisible = 0;
			defaultConfigurationName = Release;
		};
		63C4F2B01E4DF294000C721C /* Build configuration list for PBXNativeTarget "TweetsTest" */ = {
			isa = XCConfigurationList;
			buildConfigurations = (
				63C4F2B11E4DF294000C721C /* Debug */,
				63C4F2B21E4DF294000C721C /* Release */,
			);
			defaultConfigurationIsVisible = 0;
			defaultConfigurationName = Release;
		};
		63C4F2B31E4DF294000C721C /* Build configuration list for PBXNativeTarget "TweetsTestTests" */ = {
			isa = XCConfigurationList;
			buildConfigurations = (
				63C4F2B41E4DF294000C721C /* Debug */,
				63C4F2B51E4DF294000C721C /* Release */,
			);
			defaultConfigurationIsVisible = 0;
			defaultConfigurationName = Release;
		};
/* End XCConfigurationList section */
	};
	rootObject = 63C4F2861E4DF294000C721C /* Project object */;
}
